{
  "name": "tencent-channel-cli",
  "version": "1.0.10",
  "lockfileVersion": 3,
  "requires": true,
  "packages": {
    "": {
      "name": "tencent-channel-cli",
      "version": "1.0.10",
      "bin": {
        "tencent-channel-cli": "bin/tencent-channel-cli"
      },
      "optionalDependencies": {
        "tencent-channel-cli-darwin-arm64": "1.0.10",
        "tencent-channel-cli-darwin-x64": "1.0.10",
        "tencent-channel-cli-linux-arm64": "1.0.10",
        "tencent-channel-cli-linux-x64": "1.0.10",
        "tencent-channel-cli-win32-x64": "1.0.10"
      }
    },
    "node_modules/tencent-channel-cli-darwin-arm64": {
      "version": "1.0.10",
      "resolved": "https://registry.npmjs.org/tencent-channel-cli-darwin-arm64/-/tencent-channel-cli-darwin-arm64-1.0.10.tgz",
      "integrity": "sha512-XNIBdSHPtEPd2L6yEf1TcVMUBLf5yt+phMvmxNKSd6DWpOrXJanSKGlg1YfRCnZEaZticlEFQeDpmQedkHBeTQ==",
      "cpu": [
        "arm64"
      ],
      "optional": true,
      "os": [
        "darwin"
      ],
      "bin": {
        "tencent-channel-cli": "bin/tencent-channel-cli"
      }
    },
    "node_modules/tencent-channel-cli-darwin-x64": {
      "version": "1.0.10",
      "resolved": "https://registry.npmjs.org/tencent-channel-cli-darwin-x64/-/tencent-channel-cli-darwin-x64-1.0.10.tgz",
      "integrity": "sha512-7zmgcuqrec0nutg+24bXFKrcG6ZFxkAGtdflhj2uNHqbWQhVC+fHqA+Y5+cZBmzG86XO4jlPFpwO9TzU3hzHvw==",
      "cpu": [
        "x64"
      ],
      "optional": true,
      "os": [
        "darwin"
      ],
      "bin": {
        "tencent-channel-cli": "bin/tencent-channel-cli"
      }
    },
    "node_modules/tencent-channel-cli-linux-arm64": {
      "version": "1.0.10",
      "resolved": "https://registry.npmjs.org/tencent-channel-cli-linux-arm64/-/tencent-channel-cli-linux-arm64-1.0.10.tgz",
      "integrity": "sha512-joSAzJYG4cb8HP9or7luXLjEOX4xFfrbfIK1MInbP/D3Oxvanp6SrYxXvsEOG/TdlVeFSoyYW4+hiL6xmdsEYg==",
      "cpu": [
        "arm64"
      ],
      "optional": true,
      "os": [
        "linux"
      ],
      "bin": {
        "tencent-channel-cli": "bin/tencent-channel-cli"
      }
    },
    "node_modules/tencent-channel-cli-linux-x64": {
      "version": "1.0.10",
      "resolved": "https://registry.npmjs.org/tencent-channel-cli-linux-x64/-/tencent-channel-cli-linux-x64-1.0.10.tgz",
      "integrity": "sha512-DLjAz51H8iV1zRLUXv+u4Z2VaZDegsDLk/4iJ93Qjpsa/oEgDn0KHh94Cwvq7vRJA60h6IBy2O7s/GpV4jUXVg==",
      "cpu": [
        "x64"
      ],
      "optional": true,
      "os": [
        "linux"
      ],
      "bin": {
        "tencent-channel-cli": "bin/tencent-channel-cli"
      }
    },
    "node_modules/tencent-channel-cli-win32-x64": {
      "version": "1.0.10",
      "resolved": "https://registry.npmjs.org/tencent-channel-cli-win32-x64/-/tencent-channel-cli-win32-x64-1.0.10.tgz",
      "integrity": "sha512-9IOpHxB+KFaKjauR8TAQkEu3yuMoTmTT+T8MchHl9Vv95R76RER7X8TZliup5La1e499HqpdRIHB/lwS+ku1eg==",
      "cpu": [
        "x64"
      ],
      "optional": true,
      "os": [
        "win32"
      ],
      "bin": {
        "tencent-channel-cli": "bin/tencent-channel-cli.exe"
      }
    }
  }
}
