{
  "name": "tencent-channel-cli",
  "version": "1.0.7",
  "lockfileVersion": 3,
  "requires": true,
  "packages": {
    "": {
      "name": "tencent-channel-cli",
      "version": "1.0.7",
      "bin": {
        "tencent-channel-cli": "bin/tencent-channel-cli"
      },
      "optionalDependencies": {
        "tencent-channel-cli-darwin-arm64": "1.0.7",
        "tencent-channel-cli-darwin-x64": "1.0.7",
        "tencent-channel-cli-linux-arm64": "1.0.7",
        "tencent-channel-cli-linux-x64": "1.0.7",
        "tencent-channel-cli-win32-x64": "1.0.7"
      }
    },
    "node_modules/tencent-channel-cli-darwin-arm64": {
      "version": "1.0.7",
      "cpu": [
        "arm64"
      ],
      "optional": true,
      "os": [
        "darwin"
      ],
      "bin": {
        "tencent-channel-cli": "bin/tencent-channel-cli"
      }
    },
    "node_modules/tencent-channel-cli-darwin-x64": {
      "version": "1.0.7",
      "resolved": "https://registry.npmmirror.com/tencent-channel-cli-darwin-x64/-/tencent-channel-cli-darwin-x64-1.0.7.tgz",
      "integrity": "sha512-/kbDGju3DINhHIAQvJgnrL2rFdjhxq9/aXMmyney9MRz7YUBYISS0sIrUJbVHROzg+bvHKb1+NRipQtjXAmF8g==",
      "cpu": [
        "x64"
      ],
      "optional": true,
      "os": [
        "darwin"
      ],
      "bin": {
        "tencent-channel-cli": "bin/tencent-channel-cli"
      }
    },
    "node_modules/tencent-channel-cli-linux-arm64": {
      "version": "1.0.7",
      "resolved": "https://registry.npmmirror.com/tencent-channel-cli-linux-arm64/-/tencent-channel-cli-linux-arm64-1.0.7.tgz",
      "integrity": "sha512-64ILXsEvben/hNZdM6fcQOx0Twx7+PWaLddRQXgxpc3Mc5t9tWSc1RTqIeajGRraQr7AZ7+FxeNGi4hnAz7v9g==",
      "cpu": [
        "arm64"
      ],
      "optional": true,
      "os": [
        "linux"
      ],
      "bin": {
        "tencent-channel-cli": "bin/tencent-channel-cli"
      }
    },
    "node_modules/tencent-channel-cli-linux-x64": {
      "version": "1.0.7",
      "resolved": "https://registry.npmmirror.com/tencent-channel-cli-linux-x64/-/tencent-channel-cli-linux-x64-1.0.7.tgz",
      "integrity": "sha512-NCr/A0fRDUaqpsizZdMp20EJD1ur0nqpQnWYpEw1ba9IkQobvRJqfssotfn9FA0w+RTZZwTk2dA+tTKSyOm/GQ==",
      "cpu": [
        "x64"
      ],
      "optional": true,
      "os": [
        "linux"
      ],
      "bin": {
        "tencent-channel-cli": "bin/tencent-channel-cli"
      }
    },
    "node_modules/tencent-channel-cli-win32-x64": {
      "version": "1.0.7",
      "resolved": "https://registry.npmmirror.com/tencent-channel-cli-win32-x64/-/tencent-channel-cli-win32-x64-1.0.7.tgz",
      "integrity": "sha512-h6z/PtFxW3Alpao1RMUJcrXB3RJEuKFT8kB9deHO75pDxBkqSqMZc51T43P2XVP3DlXX3Do/e6tgtmLoxqVLTw==",
      "cpu": [
        "x64"
      ],
      "optional": true,
      "os": [
        "win32"
      ],
      "bin": {
        "tencent-channel-cli": "bin/tencent-channel-cli.exe"
      }
    }
  }
}
